
Microsoft Visual Studio Solution File, Format Version 12.00
# Visual Studio Version 17
VisualStudioVersion = 17.0.31903.59
MinimumVisualStudioVersion = 10.0.40219.1
Project("{2150E333-8FDC-42A3-9474-1A3956D46DE8}") = "src", "src", "{827E0CD3-B72D-47B6-A68D-7590B98EB39B}"
EndProject
Project("{FAE04EC0-301F-11D3-BF4B-00C04F79EFBC}") = "FleetOps.Api", "src\FleetOps.Api\FleetOps.Api.csproj", "{D57F449E-E43F-4EF3-88D1-E48FCAED5CC9}"
EndProject
Project("{FAE04EC0-301F-11D3-BF4B-00C04F79EFBC}") = "FleetOps.Application", "src\FleetOps.Application\FleetOps.Application.csproj", "{781C97B0-7F7D-4723-BDC1-806FA0E3C47E}"
EndProject
Project("{FAE04EC0-301F-11D3-BF4B-00C04F79EFBC}") = "FleetOps.Domain", "src\FleetOps.Domain\FleetOps.Domain.csproj", "{21C650BD-292C-4412-9423-F1B1B3D7791F}"
EndProject
Project("{FAE04EC0-301F-11D3-BF4B-00C04F79EFBC}") = "FleetOps.Infrastructure", "src\FleetOps.Infrastructure\FleetOps.Infrastructure.csproj", "{EB265CBE-6B8F-436B-BE3E-92369BA257F1}"
EndProject
Project("{2150E333-8FDC-42A3-9474-1A3956D46DE8}") = "tests", "tests", "{0AB3BF05-4346-4AA6-1389-037BE0695223}"
EndProject
Project("{FAE04EC0-301F-11D3-BF4B-00C04F79EFBC}") = "FleetOps.Tests.Unit", "tests\FleetOps.Tests.Unit\FleetOps.Tests.Unit.csproj", "{A219FDED-9D39-48EC-B79C-151BC6880FAF}"
EndProject
Project("{FAE04EC0-301F-11D3-BF4B-00C04F79EFBC}") = "FleetOps.Tests.Integration", "tests\FleetOps.Tests.Integration\FleetOps.Tests.Integration.csproj", "{6545415D-E44A-4ECD-8D74-A3D2FFBE104C}"
EndProject
Global
	GlobalSection(SolutionConfigurationPlatforms) = preSolution
		Debug|Any CPU = Debug|Any CPU
		Debug|x64 = Debug|x64
		Debug|x86 = Debug|x86
		Release|Any CPU = Release|Any CPU
		Release|x64 = Release|x64
		Release|x86 = Release|x86
	EndGlobalSection
	GlobalSection(ProjectConfigurationPlatforms) = postSolution
		{D57F449E-E43F-4EF3-88D1-E48FCAED5CC9}.Debug|Any CPU.ActiveCfg = Debug|Any CPU
		{D57F449E-E43F-4EF3-88D1-E48FCAED5CC9}.Debug|Any CPU.Build.0 = Debug|Any CPU
		{D57F449E-E43F-4EF3-88D1-E48FCAED5CC9}.Debug|x64.ActiveCfg = Debug|Any CPU
		{D57F449E-E43F-4EF3-88D1-E48FCAED5CC9}.Debug|x64.Build.0 = Debug|Any CPU
		{D57F449E-E43F-4EF3-88D1-E48FCAED5CC9}.Debug|x86.ActiveCfg = Debug|Any CPU
		{D57F449E-E43F-4EF3-88D1-E48FCAED5CC9}.Debug|x86.Build.0 = Debug|Any CPU
		{D57F449E-E43F-4EF3-88D1-E48FCAED5CC9}.Release|Any CPU.ActiveCfg = Release|Any CPU
		{D57F449E-E43F-4EF3-88D1-E48FCAED5CC9}.Release|Any CPU.Build.0 = Release|Any CPU
		{D57F449E-E43F-4EF3-88D1-E48FCAED5CC9}.Release|x64.ActiveCfg = Release|Any CPU
		{D57F449E-E43F-4EF3-88D1-E48FCAED5CC9}.Release|x64.Build.0 = Release|Any CPU
		{D57F449E-E43F-4EF3-88D1-E48FCAED5CC9}.Release|x86.ActiveCfg = Release|Any CPU
		{D57F449E-E43F-4EF3-88D1-E48FCAED5CC9}.Release|x86.Build.0 = Release|Any CPU
		{781C97B0-7F7D-4723-BDC1-806FA0E3C47E}.Debug|Any CPU.ActiveCfg = Debug|Any CPU
		{781C97B0-7F7D-4723-BDC1-806FA0E3C47E}.Debug|Any CPU.Build.0 = Debug|Any CPU
		{781C97B0-7F7D-4723-BDC1-806FA0E3C47E}.Debug|x64.ActiveCfg = Debug|Any CPU
		{781C97B0-7F7D-4723-BDC1-806FA0E3C47E}.Debug|x64.Build.0 = Debug|Any CPU
		{781C97B0-7F7D-4723-BDC1-806FA0E3C47E}.Debug|x86.ActiveCfg = Debug|Any CPU
		{781C97B0-7F7D-4723-BDC1-806FA0E3C47E}.Debug|x86.Build.0 = Debug|Any CPU
		{781C97B0-7F7D-4723-BDC1-806FA0E3C47E}.Release|Any CPU.ActiveCfg = Release|Any CPU
		{781C97B0-7F7D-4723-BDC1-806FA0E3C47E}.Release|Any CPU.Build.0 = Release|Any CPU
		{781C97B0-7F7D-4723-BDC1-806FA0E3C47E}.Release|x64.ActiveCfg = Release|Any CPU
		{781C97B0-7F7D-4723-BDC1-806FA0E3C47E}.Release|x64.Build.0 = Release|Any CPU
		{781C97B0-7F7D-4723-BDC1-806FA0E3C47E}.Release|x86.ActiveCfg = Release|Any CPU
		{781C97B0-7F7D-4723-BDC1-806FA0E3C47E}.Release|x86.Build.0 = Release|Any CPU
		{21C650BD-292C-4412-9423-F1B1B3D7791F}.Debug|Any CPU.ActiveCfg = Debug|Any CPU
		{21C650BD-292C-4412-9423-F1B1B3D7791F}.Debug|Any CPU.Build.0 = Debug|Any CPU
		{21C650BD-292C-4412-9423-F1B1B3D7791F}.Debug|x64.ActiveCfg = Debug|Any CPU
		{21C650BD-292C-4412-9423-F1B1B3D7791F}.Debug|x64.Build.0 = Debug|Any CPU
		{21C650BD-292C-4412-9423-F1B1B3D7791F}.Debug|x86.ActiveCfg = Debug|Any CPU
		{21C650BD-292C-4412-9423-F1B1B3D7791F}.Debug|x86.Build.0 = Debug|Any CPU
		{21C650BD-292C-4412-9423-F1B1B3D7791F}.Release|Any CPU.ActiveCfg = Release|Any CPU
		{21C650BD-292C-4412-9423-F1B1B3D7791F}.Release|Any CPU.Build.0 = Release|Any CPU
		{21C650BD-292C-4412-9423-F1B1B3D7791F}.Release|x64.ActiveCfg = Release|Any CPU
		{21C650BD-292C-4412-9423-F1B1B3D7791F}.Release|x64.Build.0 = Release|Any CPU
		{21C650BD-292C-4412-9423-F1B1B3D7791F}.Release|x86.ActiveCfg = Release|Any CPU
		{21C650BD-292C-4412-9423-F1B1B3D7791F}.Release|x86.Build.0 = Release|Any CPU
		{EB265CBE-6B8F-436B-BE3E-92369BA257F1}.Debug|Any CPU.ActiveCfg = Debug|Any CPU
		{EB265CBE-6B8F-436B-BE3E-92369BA257F1}.Debug|Any CPU.Build.0 = Debug|Any CPU
		{EB265CBE-6B8F-436B-BE3E-92369BA257F1}.Debug|x64.ActiveCfg = Debug|Any CPU
		{EB265CBE-6B8F-436B-BE3E-92369BA257F1}.Debug|x64.Build.0 = Debug|Any CPU
		{EB265CBE-6B8F-436B-BE3E-92369BA257F1}.Debug|x86.ActiveCfg = Debug|Any CPU
		{EB265CBE-6B8F-436B-BE3E-92369BA257F1}.Debug|x86.Build.0 = Debug|Any CPU
		{EB265CBE-6B8F-436B-BE3E-92369BA257F1}.Release|Any CPU.ActiveCfg = Release|Any CPU
		{EB265CBE-6B8F-436B-BE3E-92369BA257F1}.Release|Any CPU.Build.0 = Release|Any CPU
		{EB265CBE-6B8F-436B-BE3E-92369BA257F1}.Release|x64.ActiveCfg = Release|Any CPU
		{EB265CBE-6B8F-436B-BE3E-92369BA257F1}.Release|x64.Build.0 = Release|Any CPU
		{EB265CBE-6B8F-436B-BE3E-92369BA257F1}.Release|x86.ActiveCfg = Release|Any CPU
		{EB265CBE-6B8F-436B-BE3E-92369BA257F1}.Release|x86.Build.0 = Release|Any CPU
		{A219FDED-9D39-48EC-B79C-151BC6880FAF}.Debug|Any CPU.ActiveCfg = Debug|Any CPU
		{A219FDED-9D39-48EC-B79C-151BC6880FAF}.Debug|Any CPU.Build.0 = Debug|Any CPU
		{A219FDED-9D39-48EC-B79C-151BC6880FAF}.Debug|x64.ActiveCfg = Debug|Any CPU
		{A219FDED-9D39-48EC-B79C-151BC6880FAF}.Debug|x64.Build.0 = Debug|Any CPU
		{A219FDED-9D39-48EC-B79C-151BC6880FAF}.Debug|x86.ActiveCfg = Debug|Any CPU
		{A219FDED-9D39-48EC-B79C-151BC6880FAF}.Debug|x86.Build.0 = Debug|Any CPU
		{A219FDED-9D39-48EC-B79C-151BC6880FAF}.Release|Any CPU.ActiveCfg = Release|Any CPU
		{A219FDED-9D39-48EC-B79C-151BC6880FAF}.Release|Any CPU.Build.0 = Release|Any CPU
		{A219FDED-9D39-48EC-B79C-151BC6880FAF}.Release|x64.ActiveCfg = Release|Any CPU
		{A219FDED-9D39-48EC-B79C-151BC6880FAF}.Release|x64.Build.0 = Release|Any CPU
		{A219FDED-9D39-48EC-B79C-151BC6880FAF}.Release|x86.ActiveCfg = Release|Any CPU
		{A219FDED-9D39-48EC-B79C-151BC6880FAF}.Release|x86.Build.0 = Release|Any CPU
		{6545415D-E44A-4ECD-8D74-A3D2FFBE104C}.Debug|Any CPU.ActiveCfg = Debug|Any CPU
		{6545415D-E44A-4ECD-8D74-A3D2FFBE104C}.Debug|Any CPU.Build.0 = Debug|Any CPU
		{6545415D-E44A-4ECD-8D74-A3D2FFBE104C}.Debug|x64.ActiveCfg = Debug|Any CPU
		{6545415D-E44A-4ECD-8D74-A3D2FFBE104C}.Debug|x64.Build.0 = Debug|Any CPU
		{6545415D-E44A-4ECD-8D74-A3D2FFBE104C}.Debug|x86.ActiveCfg = Debug|Any CPU
		{6545415D-E44A-4ECD-8D74-A3D2FFBE104C}.Debug|x86.Build.0 = Debug|Any CPU
		{6545415D-E44A-4ECD-8D74-A3D2FFBE104C}.Release|Any CPU.ActiveCfg = Release|Any CPU
		{6545415D-E44A-4ECD-8D74-A3D2FFBE104C}.Release|Any CPU.Build.0 = Release|Any CPU
		{6545415D-E44A-4ECD-8D74-A3D2FFBE104C}.Release|x64.ActiveCfg = Release|Any CPU
		{6545415D-E44A-4ECD-8D74-A3D2FFBE104C}.Release|x64.Build.0 = Release|Any CPU
		{6545415D-E44A-4ECD-8D74-A3D2FFBE104C}.Release|x86.ActiveCfg = Release|Any CPU
		{6545415D-E44A-4ECD-8D74-A3D2FFBE104C}.Release|x86.Build.0 = Release|Any CPU
	EndGlobalSection
	GlobalSection(SolutionProperties) = preSolution
		HideSolutionNode = FALSE
	EndGlobalSection
	GlobalSection(NestedProjects) = preSolution
		{D57F449E-E43F-4EF3-88D1-E48FCAED5CC9} = {827E0CD3-B72D-47B6-A68D-7590B98EB39B}
		{781C97B0-7F7D-4723-BDC1-806FA0E3C47E} = {827E0CD3-B72D-47B6-A68D-7590B98EB39B}
		{21C650BD-292C-4412-9423-F1B1B3D7791F} = {827E0CD3-B72D-47B6-A68D-7590B98EB39B}
		{EB265CBE-6B8F-436B-BE3E-92369BA257F1} = {827E0CD3-B72D-47B6-A68D-7590B98EB39B}
		{A219FDED-9D39-48EC-B79C-151BC6880FAF} = {0AB3BF05-4346-4AA6-1389-037BE0695223}
		{6545415D-E44A-4ECD-8D74-A3D2FFBE104C} = {0AB3BF05-4346-4AA6-1389-037BE0695223}
	EndGlobalSection
EndGlobal
